
Microsoft Visual Studio Solution File, Format Version 12.00
# Visual Studio 15
VisualStudioVersion = 15.0.27130.2020
MinimumVisualStudioVersion = 10.0.40219.1
Project("{FAE04EC0-301F-11D3-BF4B-00C04F79EFBC}") = "Spelling", "Spelling\Spelling.csproj", "{A1BBBF3B-3AA6-429E-867E-DD3DD00597FD}"
EndProject
Global
	GlobalSection(SolutionConfigurationPlatforms) = preSolution
		Debug|Any CPU = Debug|Any CPU
		Release|Any CPU = Release|Any CPU
	EndGlobalSection
	GlobalSection(ProjectConfigurationPlatforms) = postSolution
		{A1BBBF3B-3AA6-429E-867E-DD3DD00597FD}.Debug|Any CPU.ActiveCfg = Debug|Any CPU
		{A1BBBF3B-3AA6-429E-867E-DD3DD00597FD}.Debug|Any CPU.Build.0 = Debug|Any CPU
		{A1BBBF3B-3AA6-429E-867E-DD3DD00597FD}.Release|Any CPU.ActiveCfg = Release|Any CPU
		{A1BBBF3B-3AA6-429E-867E-DD3DD00597FD}.Release|Any CPU.Build.0 = Release|Any CPU
	EndGlobalSection
	GlobalSection(SolutionProperties) = preSolution
		HideSolutionNode = FALSE
	EndGlobalSection
	GlobalSection(ExtensibilityGlobals) = postSolution
		SolutionGuid = {10A047F2-8852-42FA-B48E-2C75C864A48D}
	EndGlobalSection
EndGlobal
